
Microsoft Visual Studio Solution File, Format Version 12.00
# Visual Studio Version 17
VisualStudioVersion = 17.6.33815.320
MinimumVisualStudioVersion = 10.0.40219.1
Project("{FAE04EC0-301F-11D3-BF4B-00C04F79EFBC}") = "NunitSeleniumFailureTest", "NunitSeleniumFailureTest\NunitSeleniumFailureTest.csproj", "{96472C16-7187-4C09-8410-B5308049FC7E}"
EndProject
Global
	GlobalSection(SolutionConfigurationPlatforms) = preSolution
		Debug|Any CPU = Debug|Any CPU
		Release|Any CPU = Release|Any CPU
	EndGlobalSection
	GlobalSection(ProjectConfigurationPlatforms) = postSolution
		{96472C16-7187-4C09-8410-B5308049FC7E}.Debug|Any CPU.ActiveCfg = Debug|Any CPU
		{96472C16-7187-4C09-8410-B5308049FC7E}.Debug|Any CPU.Build.0 = Debug|Any CPU
		{96472C16-7187-4C09-8410-B5308049FC7E}.Release|Any CPU.ActiveCfg = Release|Any CPU
		{96472C16-7187-4C09-8410-B5308049FC7E}.Release|Any CPU.Build.0 = Release|Any CPU
	EndGlobalSection
	GlobalSection(SolutionProperties) = preSolution
		HideSolutionNode = FALSE
	EndGlobalSection
	GlobalSection(ExtensibilityGlobals) = postSolution
		SolutionGuid = {5E00BFA6-FAD6-4800-BE09-8D1FA4EFE50E}
	EndGlobalSection
EndGlobal
